
Microsoft Visual Studio Solution File, Format Version 12.00
# Visual Studio Version 17
VisualStudioVersion = 17.6.33815.320
MinimumVisualStudioVersion = 10.0.40219.1
Project("{8BC9CEB8-8B4A-11D0-8D11-00A0C91BC942}") = "CPPSQL7_5", "CPPSQL7_5.vcxproj", "{ADEBD9DE-B650-467F-BBED-3B8DDF8EBC0F}"
EndProject
Global
	GlobalSection(SolutionConfigurationPlatforms) = preSolution
		Debug|x64 = Debug|x64
		Debug|x86 = Debug|x86
		Release|x64 = Release|x64
		Release|x86 = Release|x86
	EndGlobalSection
	GlobalSection(ProjectConfigurationPlatforms) = postSolution
		{ADEBD9DE-B650-467F-BBED-3B8DDF8EBC0F}.Debug|x64.ActiveCfg = Debug|x64
		{ADEBD9DE-B650-467F-BBED-3B8DDF8EBC0F}.Debug|x64.Build.0 = Debug|x64
		{ADEBD9DE-B650-467F-BBED-3B8DDF8EBC0F}.Debug|x86.ActiveCfg = Debug|Win32
		{ADEBD9DE-B650-467F-BBED-3B8DDF8EBC0F}.Debug|x86.Build.0 = Debug|Win32
		{ADEBD9DE-B650-467F-BBED-3B8DDF8EBC0F}.Release|x64.ActiveCfg = Release|x64
		{ADEBD9DE-B650-467F-BBED-3B8DDF8EBC0F}.Release|x64.Build.0 = Release|x64
		{ADEBD9DE-B650-467F-BBED-3B8DDF8EBC0F}.Release|x86.ActiveCfg = Release|Win32
		{ADEBD9DE-B650-467F-BBED-3B8DDF8EBC0F}.Release|x86.Build.0 = Release|Win32
	EndGlobalSection
	GlobalSection(SolutionProperties) = preSolution
		HideSolutionNode = FALSE
	EndGlobalSection
	GlobalSection(ExtensibilityGlobals) = postSolution
		SolutionGuid = {3C174AAD-2E82-4671-9FCD-7D0B8EE899A2}
	EndGlobalSection
EndGlobal
